
Microsoft Visual Studio Solution File, Format Version 12.00
# Visual Studio Version 17
VisualStudioVersion = 17.0.31919.166
MinimumVisualStudioVersion = 10.0.40219.1
Project("{FAE04EC0-301F-11D3-BF4B-00C04F79EFBC}") = "Postman", "Postman\Postman.csproj", "{6EB85A97-AC08-4A1A-9265-A24D15679BC7}"
EndProject
Global
	GlobalSection(SolutionConfigurationPlatforms) = preSolution
		Debug|Any CPU = Debug|Any CPU
		Release|Any CPU = Release|Any CPU
	EndGlobalSection
	GlobalSection(ProjectConfigurationPlatforms) = postSolution
		{6EB85A97-AC08-4A1A-9265-A24D15679BC7}.Debug|Any CPU.ActiveCfg = Debug|Any CPU
		{6EB85A97-AC08-4A1A-9265-A24D15679BC7}.Debug|Any CPU.Build.0 = Debug|Any CPU
		{6EB85A97-AC08-4A1A-9265-A24D15679BC7}.Release|Any CPU.ActiveCfg = Release|Any CPU
		{6EB85A97-AC08-4A1A-9265-A24D15679BC7}.Release|Any CPU.Build.0 = Release|Any CPU
	EndGlobalSection
	GlobalSection(SolutionProperties) = preSolution
		HideSolutionNode = FALSE
	EndGlobalSection
	GlobalSection(ExtensibilityGlobals) = postSolution
		SolutionGuid = {7C0C2096-7F00-4D78-9851-E7D0AD960C7A}
	EndGlobalSection
EndGlobal
